{
  "name": "niqah-editor",
  "version": "0.0.1",
  "lockfileVersion": 3,
  "requires": true,
  "packages": {
    "": {
      "name": "niqah-editor",
      "version": "0.0.1",
      "license": "MIT",
      "dependencies": {
        "parchment": "^3.0.0"
      },
      "devDependencies": {
        "typescript": "^6.0.3"
      }
    },
    "node_modules/parchment": {
      "version": "3.0.0",
      "resolved": "https://registry.npmjs.org/parchment/-/parchment-3.0.0.tgz",
      "integrity": "sha512-HUrJFQ/StvgmXRcQ1ftY6VEZUq3jA2t9ncFN4F84J/vN0/FPpQF+8FKXb3l6fLces6q0uOHj6NJn+2xvZnxO6A==",
      "license": "BSD-3-Clause"
    },
    "node_modules/typescript": {
      "version": "6.0.3",
      "resolved": "https://registry.npmjs.org/typescript/-/typescript-6.0.3.tgz",
      "integrity": "sha512-y2TvuxSZPDyQakkFRPZHKFm+KKVqIisdg9/CZwm9ftvKXLP8NRWj38/ODjNbr43SsoXqNuAisEf1GdCxqWcdBw==",
      "dev": true,
      "license": "Apache-2.0",
      "bin": {
        "tsc": "bin/tsc",
        "tsserver": "bin/tsserver"
      },
      "engines": {
        "node": ">=14.17"
      }
    }
  }
}
